
Microsoft Visual Studio Solution File, Format Version 12.00
# Visual Studio Version 17
VisualStudioVersion = 17.9.34723.18
MinimumVisualStudioVersion = 10.0.40219.1
Project("{FAE04EC0-301F-11D3-BF4B-00C04F79EFBC}") = "Modul_4", "Modul_4.csproj", "{AE7F3DAA-891A-48B3-89DF-96214F709919}"
EndProject
Project("{2150E333-8FDC-42A3-9474-1A3956D46DE8}") = "Solution Items", "Solution Items", "{AC6C2105-C9BE-4701-9B10-E3FE46DBAE09}"
	ProjectSection(SolutionItems) = preProject
		User.cs = User.cs
	EndProjectSection
EndProject
Global
	GlobalSection(SolutionConfigurationPlatforms) = preSolution
		Debug|Any CPU = Debug|Any CPU
		Release|Any CPU = Release|Any CPU
	EndGlobalSection
	GlobalSection(ProjectConfigurationPlatforms) = postSolution
		{AE7F3DAA-891A-48B3-89DF-96214F709919}.Debug|Any CPU.ActiveCfg = Debug|Any CPU
		{AE7F3DAA-891A-48B3-89DF-96214F709919}.Debug|Any CPU.Build.0 = Debug|Any CPU
		{AE7F3DAA-891A-48B3-89DF-96214F709919}.Release|Any CPU.ActiveCfg = Release|Any CPU
		{AE7F3DAA-891A-48B3-89DF-96214F709919}.Release|Any CPU.Build.0 = Release|Any CPU
	EndGlobalSection
	GlobalSection(SolutionProperties) = preSolution
		HideSolutionNode = FALSE
	EndGlobalSection
	GlobalSection(ExtensibilityGlobals) = postSolution
		SolutionGuid = {71F7B528-2239-492A-8915-FAC85B9E21EA}
	EndGlobalSection
EndGlobal
